
Microsoft Visual Studio Solution File, Format Version 12.00
# Visual Studio Version 17
VisualStudioVersion = 17.2.32616.157
MinimumVisualStudioVersion = 10.0.40219.1
Project("{FAE04EC0-301F-11D3-BF4B-00C04F79EFBC}") = "Jepodary", "Jepodary\Jepodary.csproj", "{6DEADC1D-F221-4D10-864F-40214C5407A1}"
EndProject
Project("{2150E333-8FDC-42A3-9474-1A3956D46DE8}") = "Solution Items", "Solution Items", "{2333FE26-F13E-47A1-BCD7-2803A9836201}"
	ProjectSection(SolutionItems) = preProject
		Adult100.html = Adult100.html
		Adult200.html = Adult200.html
		Adult300.html = Adult300.html
		Adult400.html = Adult400.html
		Adult500.html = Adult500.html
		BonusPoints.html = BonusPoints.html
		BTS100.html = BTS100.html
		BTS200.html = BTS200.html
		BTS300.html = BTS300.html
		BTS400.html = BTS400.html
		BTS500.html = BTS500.html
		HiddenText.js = HiddenText.js
		Questions.html = Questions.html
		Style.css = Style.css
		Test.html = Test.html
		Young100.html = Young100.html
		Young200.html = Young200.html
		Young300.html = Young300.html
		Young400.html = Young400.html
		Young500.html = Young500.html
	EndProjectSection
EndProject
Global
	GlobalSection(SolutionConfigurationPlatforms) = preSolution
		Debug|Any CPU = Debug|Any CPU
		Release|Any CPU = Release|Any CPU
	EndGlobalSection
	GlobalSection(ProjectConfigurationPlatforms) = postSolution
		{6DEADC1D-F221-4D10-864F-40214C5407A1}.Debug|Any CPU.ActiveCfg = Debug|Any CPU
		{6DEADC1D-F221-4D10-864F-40214C5407A1}.Debug|Any CPU.Build.0 = Debug|Any CPU
		{6DEADC1D-F221-4D10-864F-40214C5407A1}.Release|Any CPU.ActiveCfg = Release|Any CPU
		{6DEADC1D-F221-4D10-864F-40214C5407A1}.Release|Any CPU.Build.0 = Release|Any CPU
	EndGlobalSection
	GlobalSection(SolutionProperties) = preSolution
		HideSolutionNode = FALSE
	EndGlobalSection
	GlobalSection(ExtensibilityGlobals) = postSolution
		SolutionGuid = {5DD96579-B4F3-4072-B028-D2CDDB51628E}
	EndGlobalSection
EndGlobal
